
Microsoft Visual Studio Solution File, Format Version 12.00
# Visual Studio Version 17
VisualStudioVersion = 17.3.32819.101
MinimumVisualStudioVersion = 10.0.40219.1
Project("{FAE04EC0-301F-11D3-BF4B-00C04F79EFBC}") = "SimplePayrollApp", "SimplePayrollApp\SimplePayrollApp.csproj", "{6C12649F-6E23-46DA-90B3-41DADA6B0632}"
EndProject
Global
	GlobalSection(SolutionConfigurationPlatforms) = preSolution
		Debug|Any CPU = Debug|Any CPU
		Release|Any CPU = Release|Any CPU
	EndGlobalSection
	GlobalSection(ProjectConfigurationPlatforms) = postSolution
		{6C12649F-6E23-46DA-90B3-41DADA6B0632}.Debug|Any CPU.ActiveCfg = Debug|Any CPU
		{6C12649F-6E23-46DA-90B3-41DADA6B0632}.Debug|Any CPU.Build.0 = Debug|Any CPU
		{6C12649F-6E23-46DA-90B3-41DADA6B0632}.Release|Any CPU.ActiveCfg = Release|Any CPU
		{6C12649F-6E23-46DA-90B3-41DADA6B0632}.Release|Any CPU.Build.0 = Release|Any CPU
	EndGlobalSection
	GlobalSection(SolutionProperties) = preSolution
		HideSolutionNode = FALSE
	EndGlobalSection
	GlobalSection(ExtensibilityGlobals) = postSolution
		SolutionGuid = {3F86CE7D-D657-4451-9B6E-A5B47EAE1ACB}
	EndGlobalSection
EndGlobal
